
Microsoft Visual Studio Solution File, Format Version 12.00
# Visual Studio Version 17
VisualStudioVersion = 17.0.31903.59
MinimumVisualStudioVersion = 10.0.40219.1
Project("{2150E333-8FDC-42A3-9474-1A3956D46DE8}") = "shared", "shared", "{C73D8E17-EA0A-4206-91D4-9E5BD63B3DB0}"
EndProject
Project("{FAE04EC0-301F-11D3-BF4B-00C04F79EFBC}") = "InkForge.Data", "shared\InkForge.Data\InkForge.Data.csproj", "{DD595B76-5FDE-4C37-822E-CB58BBB02C8C}"
EndProject
Project("{2150E333-8FDC-42A3-9474-1A3956D46DE8}") = "migrations", "migrations", "{12D30DD9-8615-4947-A13D-88E6478242E4}"
EndProject
Project("{FAE04EC0-301F-11D3-BF4B-00C04F79EFBC}") = "InkForge.Sqlite", "shared\migrations\InkForge.Sqlite\InkForge.Sqlite.csproj", "{C504E59E-16CB-41CD-B9C7-F07E9A8A2E16}"
EndProject
Project("{2150E333-8FDC-42A3-9474-1A3956D46DE8}") = "app", "app", "{84CBD204-9573-4472-9334-68FB360BD6ED}"
EndProject
Project("{FAE04EC0-301F-11D3-BF4B-00C04F79EFBC}") = "InkForge", "app\InkForge\InkForge.csproj", "{D44F8BF4-CB4D-407D-B623-495165BD3A6E}"
EndProject
Project("{FAE04EC0-301F-11D3-BF4B-00C04F79EFBC}") = "InkForge.Desktop", "app\InkForge.Desktop\InkForge.Desktop.csproj", "{5AFA8AD9-9230-4218-BBFD-BD75F1E752DC}"
EndProject
Project("{FAE04EC0-301F-11D3-BF4B-00C04F79EFBC}") = "InkForge.Api", "InkForge.Api\InkForge.Api.csproj", "{DEB06372-672A-412E-89B1-E4D97EEBBA25}"
EndProject
Project("{2150E333-8FDC-42A3-9474-1A3956D46DE8}") = "migrations", "migrations", "{A9F8087F-F148-47A5-94AE-F7B6E1D33096}"
EndProject
Project("{FAE04EC0-301F-11D3-BF4B-00C04F79EFBC}") = "InkForge.Api.Sqlite", "migrations\InkForge.Api.Sqlite\InkForge.Api.Sqlite.csproj", "{F8A7563F-2647-4623-88E7-470D20F25E93}"
EndProject
Project("{FAE04EC0-301F-11D3-BF4B-00C04F79EFBC}") = "InkForge.Api.Data", "InkForge.Api.Data\InkForge.Api.Data.csproj", "{E4661537-B27D-40DA-85FC-6DE4CD2C0760}"
EndProject
Project("{2150E333-8FDC-42A3-9474-1A3956D46DE8}") = "design", "design", "{C7868400-84D7-45C5-B594-C30777EE5191}"
EndProject
Project("{FAE04EC0-301F-11D3-BF4B-00C04F79EFBC}") = "InkForge.Migrations", "design\InkForge.Migrations\InkForge.Migrations.csproj", "{8DF3397E-2717-49F0-9592-82ABE9327A73}"
EndProject
Global
	GlobalSection(SolutionConfigurationPlatforms) = preSolution
		Debug|Any CPU = Debug|Any CPU
		Release|Any CPU = Release|Any CPU
	EndGlobalSection
	GlobalSection(SolutionProperties) = preSolution
		HideSolutionNode = FALSE
	EndGlobalSection
	GlobalSection(ProjectConfigurationPlatforms) = postSolution
		{DD595B76-5FDE-4C37-822E-CB58BBB02C8C}.Debug|Any CPU.ActiveCfg = Debug|Any CPU
		{DD595B76-5FDE-4C37-822E-CB58BBB02C8C}.Debug|Any CPU.Build.0 = Debug|Any CPU
		{DD595B76-5FDE-4C37-822E-CB58BBB02C8C}.Release|Any CPU.ActiveCfg = Release|Any CPU
		{DD595B76-5FDE-4C37-822E-CB58BBB02C8C}.Release|Any CPU.Build.0 = Release|Any CPU
		{C504E59E-16CB-41CD-B9C7-F07E9A8A2E16}.Debug|Any CPU.ActiveCfg = Debug|Any CPU
		{C504E59E-16CB-41CD-B9C7-F07E9A8A2E16}.Debug|Any CPU.Build.0 = Debug|Any CPU
		{C504E59E-16CB-41CD-B9C7-F07E9A8A2E16}.Release|Any CPU.ActiveCfg = Release|Any CPU
		{C504E59E-16CB-41CD-B9C7-F07E9A8A2E16}.Release|Any CPU.Build.0 = Release|Any CPU
		{D44F8BF4-CB4D-407D-B623-495165BD3A6E}.Debug|Any CPU.ActiveCfg = Debug|Any CPU
		{D44F8BF4-CB4D-407D-B623-495165BD3A6E}.Debug|Any CPU.Build.0 = Debug|Any CPU
		{D44F8BF4-CB4D-407D-B623-495165BD3A6E}.Release|Any CPU.ActiveCfg = Release|Any CPU
		{D44F8BF4-CB4D-407D-B623-495165BD3A6E}.Release|Any CPU.Build.0 = Release|Any CPU
		{5AFA8AD9-9230-4218-BBFD-BD75F1E752DC}.Debug|Any CPU.ActiveCfg = Debug|Any CPU
		{5AFA8AD9-9230-4218-BBFD-BD75F1E752DC}.Debug|Any CPU.Build.0 = Debug|Any CPU
		{5AFA8AD9-9230-4218-BBFD-BD75F1E752DC}.Release|Any CPU.ActiveCfg = Release|Any CPU
		{5AFA8AD9-9230-4218-BBFD-BD75F1E752DC}.Release|Any CPU.Build.0 = Release|Any CPU
		{DEB06372-672A-412E-89B1-E4D97EEBBA25}.Debug|Any CPU.ActiveCfg = Debug|Any CPU
		{DEB06372-672A-412E-89B1-E4D97EEBBA25}.Debug|Any CPU.Build.0 = Debug|Any CPU
		{DEB06372-672A-412E-89B1-E4D97EEBBA25}.Release|Any CPU.ActiveCfg = Release|Any CPU
		{DEB06372-672A-412E-89B1-E4D97EEBBA25}.Release|Any CPU.Build.0 = Release|Any CPU
		{F8A7563F-2647-4623-88E7-470D20F25E93}.Debug|Any CPU.ActiveCfg = Debug|Any CPU
		{F8A7563F-2647-4623-88E7-470D20F25E93}.Debug|Any CPU.Build.0 = Debug|Any CPU
		{F8A7563F-2647-4623-88E7-470D20F25E93}.Release|Any CPU.ActiveCfg = Release|Any CPU
		{F8A7563F-2647-4623-88E7-470D20F25E93}.Release|Any CPU.Build.0 = Release|Any CPU
		{E4661537-B27D-40DA-85FC-6DE4CD2C0760}.Debug|Any CPU.ActiveCfg = Debug|Any CPU
		{E4661537-B27D-40DA-85FC-6DE4CD2C0760}.Debug|Any CPU.Build.0 = Debug|Any CPU
		{E4661537-B27D-40DA-85FC-6DE4CD2C0760}.Release|Any CPU.ActiveCfg = Release|Any CPU
		{E4661537-B27D-40DA-85FC-6DE4CD2C0760}.Release|Any CPU.Build.0 = Release|Any CPU
		{8DF3397E-2717-49F0-9592-82ABE9327A73}.Debug|Any CPU.ActiveCfg = Debug|Any CPU
		{8DF3397E-2717-49F0-9592-82ABE9327A73}.Debug|Any CPU.Build.0 = Debug|Any CPU
		{8DF3397E-2717-49F0-9592-82ABE9327A73}.Release|Any CPU.ActiveCfg = Release|Any CPU
		{8DF3397E-2717-49F0-9592-82ABE9327A73}.Release|Any CPU.Build.0 = Release|Any CPU
	EndGlobalSection
	GlobalSection(NestedProjects) = preSolution
		{DD595B76-5FDE-4C37-822E-CB58BBB02C8C} = {C73D8E17-EA0A-4206-91D4-9E5BD63B3DB0}
		{12D30DD9-8615-4947-A13D-88E6478242E4} = {C73D8E17-EA0A-4206-91D4-9E5BD63B3DB0}
		{C504E59E-16CB-41CD-B9C7-F07E9A8A2E16} = {12D30DD9-8615-4947-A13D-88E6478242E4}
		{D44F8BF4-CB4D-407D-B623-495165BD3A6E} = {84CBD204-9573-4472-9334-68FB360BD6ED}
		{5AFA8AD9-9230-4218-BBFD-BD75F1E752DC} = {84CBD204-9573-4472-9334-68FB360BD6ED}
		{F8A7563F-2647-4623-88E7-470D20F25E93} = {A9F8087F-F148-47A5-94AE-F7B6E1D33096}
		{8DF3397E-2717-49F0-9592-82ABE9327A73} = {C7868400-84D7-45C5-B594-C30777EE5191}
	EndGlobalSection
EndGlobal
